// !$*UTF8*$!
{
	archiveVersion = 1;
	classes = {
	};
	objectVersion = 46;
	objects = {

/* Begin PBXAggregateTarget section */
		42C0437C1B86170E002C4EBF /* Framework */ = {
			isa = PBXAggregateTarget;
			buildConfigurationList = 42C0437D1B86170E002C4EBF /* Build configuration list for PBXAggregateTarget "Framework" */;
			buildPhases = (
				42C043821B86171D002C4EBF /* ShellScript */,
			);
			dependencies = (
				42C043811B86171B002C4EBF /* PBXTargetDependency */,
			);
			name = Framework;
			productName = Framework;
		};
/* End PBXAggregateTarget section */

/* Begin PBXBuildFile section */
		42C0436F1B861504002C4EBF /* FMDatabase.h in Headers */ = {isa = PBXBuildFile; fileRef = 42C043581B861504002C4EBF /* FMDatabase.h */; settings = {ATTRIBUTES = (Public, ); }; };
		42C043701B861504002C4EBF /* FMDatabase.m in Sources */ = {isa = PBXBuildFile; fileRef = 42C043591B861504002C4EBF /* FMDatabase.m */; };
		42C043711B861504002C4EBF /* FMDatabaseAdditions.h in Headers */ = {isa = PBXBuildFile; fileRef = 42C0435A1B861504002C4EBF /* FMDatabaseAdditions.h */; settings = {ATTRIBUTES = (Public, ); }; };
		42C043721B861504002C4EBF /* FMDatabaseAdditions.m in Sources */ = {isa = PBXBuildFile; fileRef = 42C0435B1B861504002C4EBF /* FMDatabaseAdditions.m */; };
		42C043731B861504002C4EBF /* FMDatabasePool.h in Headers */ = {isa = PBXBuildFile; fileRef = 42C0435C1B861504002C4EBF /* FMDatabasePool.h */; settings = {ATTRIBUTES = (Public, ); }; };
		42C043741B861504002C4EBF /* FMDatabasePool.m in Sources */ = {isa = PBXBuildFile; fileRef = 42C0435D1B861504002C4EBF /* FMDatabasePool.m */; };
		42C043751B861504002C4EBF /* FMDatabaseQueue.h in Headers */ = {isa = PBXBuildFile; fileRef = 42C0435E1B861504002C4EBF /* FMDatabaseQueue.h */; settings = {ATTRIBUTES = (Public, ); }; };
		42C043761B861504002C4EBF /* FMDatabaseQueue.m in Sources */ = {isa = PBXBuildFile; fileRef = 42C0435F1B861504002C4EBF /* FMDatabaseQueue.m */; };
		42C043771B861504002C4EBF /* FMDB.h in Headers */ = {isa = PBXBuildFile; fileRef = 42C043601B861504002C4EBF /* FMDB.h */; settings = {ATTRIBUTES = (Public, ); }; };
		42C043781B861504002C4EBF /* FMResultSet.h in Headers */ = {isa = PBXBuildFile; fileRef = 42C043611B861504002C4EBF /* FMResultSet.h */; settings = {ATTRIBUTES = (Public, ); }; };
		42C043791B861504002C4EBF /* FMResultSet.m in Sources */ = {isa = PBXBuildFile; fileRef = 42C043621B861504002C4EBF /* FMResultSet.m */; };
/* End PBXBuildFile section */

/* Begin PBXContainerItemProxy section */
		42C043801B86171B002C4EBF /* PBXContainerItemProxy */ = {
			isa = PBXContainerItemProxy;
			containerPortal = 42C043241B86148E002C4EBF /* Project object */;
			proxyType = 1;
			remoteGlobalIDString = 42C0432B1B86148F002C4EBF;
			remoteInfo = fmdb;
		};
/* End PBXContainerItemProxy section */

/* Begin PBXCopyFilesBuildPhase section */
		42C0432A1B86148F002C4EBF /* CopyFiles */ = {
			isa = PBXCopyFilesBuildPhase;
			buildActionMask = 2147483647;
			dstPath = "include/$(PRODUCT_NAME)";
			dstSubfolderSpec = 16;
			files = (
			);
			runOnlyForDeploymentPostprocessing = 0;
		};
/* End PBXCopyFilesBuildPhase section */

/* Begin PBXFileReference section */
		42C0432C1B86148F002C4EBF /* libfmdb.a */ = {isa = PBXFileReference; explicitFileType = archive.ar; includeInIndex = 0; path = libfmdb.a; sourceTree = BUILT_PRODUCTS_DIR; };
		42C043581B861504002C4EBF /* FMDatabase.h */ = {isa = PBXFileReference; fileEncoding = 4; lastKnownFileType = sourcecode.c.h; path = FMDatabase.h; sourceTree = "<group>"; };
		42C043591B861504002C4EBF /* FMDatabase.m */ = {isa = PBXFileReference; fileEncoding = 4; lastKnownFileType = sourcecode.c.objc; path = FMDatabase.m; sourceTree = "<group>"; };
		42C0435A1B861504002C4EBF /* FMDatabaseAdditions.h */ = {isa = PBXFileReference; fileEncoding = 4; lastKnownFileType = sourcecode.c.h; path = FMDatabaseAdditions.h; sourceTree = "<group>"; };
		42C0435B1B861504002C4EBF /* FMDatabaseAdditions.m */ = {isa = PBXFileReference; fileEncoding = 4; lastKnownFileType = sourcecode.c.objc; path = FMDatabaseAdditions.m; sourceTree = "<group>"; };
		42C0435C1B861504002C4EBF /* FMDatabasePool.h */ = {isa = PBXFileReference; fileEncoding = 4; lastKnownFileType = sourcecode.c.h; path = FMDatabasePool.h; sourceTree = "<group>"; };
		42C0435D1B861504002C4EBF /* FMDatabasePool.m */ = {isa = PBXFileReference; fileEncoding = 4; lastKnownFileType = sourcecode.c.objc; path = FMDatabasePool.m; sourceTree = "<group>"; };
		42C0435E1B861504002C4EBF /* FMDatabaseQueue.h */ = {isa = PBXFileReference; fileEncoding = 4; lastKnownFileType = sourcecode.c.h; path = FMDatabaseQueue.h; sourceTree = "<group>"; };
		42C0435F1B861504002C4EBF /* FMDatabaseQueue.m */ = {isa = PBXFileReference; fileEncoding = 4; lastKnownFileType = sourcecode.c.objc; path = FMDatabaseQueue.m; sourceTree = "<group>"; };
		42C043601B861504002C4EBF /* FMDB.h */ = {isa = PBXFileReference; fileEncoding = 4; lastKnownFileType = sourcecode.c.h; path = FMDB.h; sourceTree = "<group>"; };
		42C043611B861504002C4EBF /* FMResultSet.h */ = {isa = PBXFileReference; fileEncoding = 4; lastKnownFileType = sourcecode.c.h; path = FMResultSet.h; sourceTree = "<group>"; };
		42C043621B861504002C4EBF /* FMResultSet.m */ = {isa = PBXFileReference; fileEncoding = 4; lastKnownFileType = sourcecode.c.objc; path = FMResultSet.m; sourceTree = "<group>"; };
/* End PBXFileReference section */

/* Begin PBXFrameworksBuildPhase section */
		42C043291B86148F002C4EBF /* Frameworks */ = {
			isa = PBXFrameworksBuildPhase;
			buildActionMask = 2147483647;
			files = (
			);
			runOnlyForDeploymentPostprocessing = 0;
		};
/* End PBXFrameworksBuildPhase section */

/* Begin PBXGroup section */
		42C043231B86148E002C4EBF = {
			isa = PBXGroup;
			children = (
				42C043491B861504002C4EBF /* src */,
				42C0432D1B86148F002C4EBF /* Products */,
			);
			sourceTree = "<group>";
		};
		42C0432D1B86148F002C4EBF /* Products */ = {
			isa = PBXGroup;
			children = (
				42C0432C1B86148F002C4EBF /* libfmdb.a */,
			);
			name = Products;
			sourceTree = "<group>";
		};
		42C043491B861504002C4EBF /* src */ = {
			isa = PBXGroup;
			children = (
				42C043571B861504002C4EBF /* fmdb */,
			);
			path = src;
			sourceTree = "<group>";
		};
		42C043571B861504002C4EBF /* fmdb */ = {
			isa = PBXGroup;
			children = (
				42C043581B861504002C4EBF /* FMDatabase.h */,
				42C043591B861504002C4EBF /* FMDatabase.m */,
				42C0435A1B861504002C4EBF /* FMDatabaseAdditions.h */,
				42C0435B1B861504002C4EBF /* FMDatabaseAdditions.m */,
				42C0435C1B861504002C4EBF /* FMDatabasePool.h */,
				42C0435D1B861504002C4EBF /* FMDatabasePool.m */,
				42C0435E1B861504002C4EBF /* FMDatabaseQueue.h */,
				42C0435F1B861504002C4EBF /* FMDatabaseQueue.m */,
				42C043601B861504002C4EBF /* FMDB.h */,
				42C043611B861504002C4EBF /* FMResultSet.h */,
				42C043621B861504002C4EBF /* FMResultSet.m */,
			);
			path = fmdb;
			sourceTree = "<group>";
		};
/* End PBXGroup section */

/* Begin PBXHeadersBuildPhase section */
		42C043471B8614CB002C4EBF /* Headers */ = {
			isa = PBXHeadersBuildPhase;
			buildActionMask = 2147483647;
			files = (
				42C043711B861504002C4EBF /* FMDatabaseAdditions.h in Headers */,
				42C043771B861504002C4EBF /* FMDB.h in Headers */,
				42C043731B861504002C4EBF /* FMDatabasePool.h in Headers */,
				42C043751B861504002C4EBF /* FMDatabaseQueue.h in Headers */,
				42C0436F1B861504002C4EBF /* FMDatabase.h in Headers */,
				42C043781B861504002C4EBF /* FMResultSet.h in Headers */,
			);
			runOnlyForDeploymentPostprocessing = 0;
		};
/* End PBXHeadersBuildPhase section */

/* Begin PBXNativeTarget section */
		42C0432B1B86148F002C4EBF /* fmdb */ = {
			isa = PBXNativeTarget;
			buildConfigurationList = 42C043401B86148F002C4EBF /* Build configuration list for PBXNativeTarget "fmdb" */;
			buildPhases = (
				42C043281B86148F002C4EBF /* Sources */,
				42C043291B86148F002C4EBF /* Frameworks */,
				42C0432A1B86148F002C4EBF /* CopyFiles */,
				42C043471B8614CB002C4EBF /* Headers */,
				42C043481B8614CD002C4EBF /* ShellScript */,
			);
			buildRules = (
			);
			dependencies = (
			);
			name = fmdb;
			productName = fmdb;
			productReference = 42C0432C1B86148F002C4EBF /* libfmdb.a */;
			productType = "com.apple.product-type.library.static";
		};
/* End PBXNativeTarget section */

/* Begin PBXProject section */
		42C043241B86148E002C4EBF /* Project object */ = {
			isa = PBXProject;
			attributes = {
				LastUpgradeCheck = 0640;
				ORGANIZATIONNAME = "Oleksandr Deundiak";
				TargetAttributes = {
					42C0432B1B86148F002C4EBF = {
						CreatedOnToolsVersion = 6.4;
					};
					42C0437C1B86170E002C4EBF = {
						CreatedOnToolsVersion = 6.4;
					};
				};
			};
			buildConfigurationList = 42C043271B86148E002C4EBF /* Build configuration list for PBXProject "fmdb" */;
			compatibilityVersion = "Xcode 3.2";
			developmentRegion = English;
			hasScannedForEncodings = 0;
			knownRegions = (
				en,
			);
			mainGroup = 42C043231B86148E002C4EBF;
			productRefGroup = 42C0432D1B86148F002C4EBF /* Products */;
			projectDirPath = "";
			projectRoot = "";
			targets = (
				42C0432B1B86148F002C4EBF /* fmdb */,
				42C0437C1B86170E002C4EBF /* Framework */,
			);
		};
/* End PBXProject section */

/* Begin PBXShellScriptBuildPhase section */
		42C043481B8614CD002C4EBF /* ShellScript */ = {
			isa = PBXShellScriptBuildPhase;
			buildActionMask = 2147483647;
			files = (
			);
			inputPaths = (
			);
			outputPaths = (
			);
			runOnlyForDeploymentPostprocessing = 0;
			shellPath = /bin/sh;
			shellScript = "set -e\n\nmkdir -p \"${BUILT_PRODUCTS_DIR}/${PRODUCT_NAME}.framework/Versions/A/Headers\"\n\n# Link the \"Current\" version to \"A\"\n/bin/ln -sfh A \"${BUILT_PRODUCTS_DIR}/${PRODUCT_NAME}.framework/Versions/Current\"\n/bin/ln -sfh Versions/Current/Headers \"${BUILT_PRODUCTS_DIR}/${PRODUCT_NAME}.framework/Headers\"\n/bin/ln -sfh \"Versions/Current/${PRODUCT_NAME}\" \"${BUILT_PRODUCTS_DIR}/${PRODUCT_NAME}.framework/${PRODUCT_NAME}\"\n\n# The -a ensures that the headers maintain the source modification date so that we don't constantly\n# cause propagating rebuilds of files that import these headers.\n/bin/cp -a \"${TARGET_BUILD_DIR}/${PUBLIC_HEADERS_FOLDER_PATH}/\" \"${BUILT_PRODUCTS_DIR}/${PRODUCT_NAME}.framework/Versions/A/Headers\"";
		};
		42C043821B86171D002C4EBF /* ShellScript */ = {
			isa = PBXShellScriptBuildPhase;
			buildActionMask = 2147483647;
			files = (
			);
			inputPaths = (
			);
			outputPaths = (
			);
			runOnlyForDeploymentPostprocessing = 0;
			shellPath = /bin/sh;
			shellScript = "set -e\nset +u\n# Avoid recursively calling this script.\nif [[ $SF_MASTER_SCRIPT_RUNNING ]]\nthen\nexit 0\nfi\nset -u\nexport SF_MASTER_SCRIPT_RUNNING=1\n\nSF_TARGET_NAME=${PROJECT_NAME}\nSF_EXECUTABLE_PATH=\"lib${SF_TARGET_NAME}.a\"\nSF_WRAPPER_NAME=\"${SF_TARGET_NAME}.framework\"\n\n# The following conditionals come from\n# https://github.com/kstenerud/iOS-Universal-Framework\n\nif [[ \"$SDK_NAME\" =~ ([A-Za-z]+) ]]\nthen\nSF_SDK_PLATFORM=${BASH_REMATCH[1]}\nelse\necho \"Could not find platform name from SDK_NAME: $SDK_NAME\"\nexit 1\nfi\n\nif [[ \"$SDK_NAME\" =~ ([0-9]+.*$) ]]\nthen\nSF_SDK_VERSION=${BASH_REMATCH[1]}\nelse\necho \"Could not find sdk version from SDK_NAME: $SDK_NAME\"\nexit 1\nfi\n\nif [[ \"$SF_SDK_PLATFORM\" = \"iphoneos\" ]]\nthen\nSF_OTHER_PLATFORM=iphonesimulator\nelse\nSF_OTHER_PLATFORM=iphoneos\nfi\n\nif [[ \"$BUILT_PRODUCTS_DIR\" =~ (.*)$SF_SDK_PLATFORM$ ]]\nthen\nSF_OTHER_BUILT_PRODUCTS_DIR=\"${BASH_REMATCH[1]}${SF_OTHER_PLATFORM}\"\nelse\necho \"Could not find platform name from build products directory: $BUILT_PRODUCTS_DIR\"\nexit 1\nfi\n\n# Build the other platform.\nxcrun xcodebuild -project \"${PROJECT_FILE_PATH}\" -target \"${TARGET_NAME}\" -configuration \"${CONFIGURATION}\" -sdk ${SF_OTHER_PLATFORM}${SF_SDK_VERSION} BUILD_DIR=\"${BUILD_DIR}\" OBJROOT=\"${OBJROOT}\" BUILD_ROOT=\"${BUILD_ROOT}\" SYMROOT=\"${SYMROOT}\" $ACTION\n\n# Smash the two static libraries into one fat binary and store it in the .framework\nxcrun lipo -create \"${BUILT_PRODUCTS_DIR}/${SF_EXECUTABLE_PATH}\" \"${SF_OTHER_BUILT_PRODUCTS_DIR}/${SF_EXECUTABLE_PATH}\" -output \"${BUILT_PRODUCTS_DIR}/${SF_WRAPPER_NAME}/Versions/A/${SF_TARGET_NAME}\"\n\n# Copy the binary to the other architecture folder to have a complete framework in both.\ncp -a \"${BUILT_PRODUCTS_DIR}/${SF_WRAPPER_NAME}/Versions/A/${SF_TARGET_NAME}\" \"${SF_OTHER_BUILT_PRODUCTS_DIR}/${SF_WRAPPER_NAME}/Versions/A/${SF_TARGET_NAME}\"";
		};
/* End PBXShellScriptBuildPhase section */

/* Begin PBXSourcesBuildPhase section */
		42C043281B86148F002C4EBF /* Sources */ = {
			isa = PBXSourcesBuildPhase;
			buildActionMask = 2147483647;
			files = (
				42C043701B861504002C4EBF /* FMDatabase.m in Sources */,
				42C043791B861504002C4EBF /* FMResultSet.m in Sources */,
				42C043741B861504002C4EBF /* FMDatabasePool.m in Sources */,
				42C043721B861504002C4EBF /* FMDatabaseAdditions.m in Sources */,
				42C043761B861504002C4EBF /* FMDatabaseQueue.m in Sources */,
			);
			runOnlyForDeploymentPostprocessing = 0;
		};
/* End PBXSourcesBuildPhase section */

/* Begin PBXTargetDependency section */
		42C043811B86171B002C4EBF /* PBXTargetDependency */ = {
			isa = PBXTargetDependency;
			target = 42C0432B1B86148F002C4EBF /* fmdb */;
			targetProxy = 42C043801B86171B002C4EBF /* PBXContainerItemProxy */;
		};
/* End PBXTargetDependency section */

/* Begin XCBuildConfiguration section */
		42C0433E1B86148F002C4EBF /* Debug */ = {
			isa = XCBuildConfiguration;
			buildSettings = {
				ALWAYS_SEARCH_USER_PATHS = NO;
				ARCHS = (
					"$(ARCHS_STANDARD)",
					armv7s,
				);
				CLANG_CXX_LANGUAGE_STANDARD = "gnu++0x";
				CLANG_CXX_LIBRARY = "libc++";
				CLANG_ENABLE_MODULES = YES;
				CLANG_ENABLE_OBJC_ARC = YES;
				CLANG_WARN_BOOL_CONVERSION = YES;
				CLANG_WARN_CONSTANT_CONVERSION = YES;
				CLANG_WARN_DIRECT_OBJC_ISA_USAGE = YES_ERROR;
				CLANG_WARN_EMPTY_BODY = YES;
				CLANG_WARN_ENUM_CONVERSION = YES;
				CLANG_WARN_INT_CONVERSION = YES;
				CLANG_WARN_OBJC_ROOT_CLASS = YES_ERROR;
				CLANG_WARN_UNREACHABLE_CODE = YES;
				CLANG_WARN__DUPLICATE_METHOD_MATCH = YES;
				COPY_PHASE_STRIP = NO;
				DEAD_CODE_STRIPPING = NO;
				DEBUG_INFORMATION_FORMAT = "dwarf-with-dsym";
				ENABLE_STRICT_OBJC_MSGSEND = YES;
				GCC_C_LANGUAGE_STANDARD = gnu99;
				GCC_DYNAMIC_NO_PIC = NO;
				GCC_NO_COMMON_BLOCKS = YES;
				GCC_OPTIMIZATION_LEVEL = 0;
				GCC_PREPROCESSOR_DEFINITIONS = (
					"DEBUG=1",
					"$(inherited)",
				);
				GCC_SYMBOLS_PRIVATE_EXTERN = NO;
				GCC_WARN_64_TO_32_BIT_CONVERSION = YES;
				GCC_WARN_ABOUT_RETURN_TYPE = YES_ERROR;
				GCC_WARN_UNDECLARED_SELECTOR = YES;
				GCC_WARN_UNINITIALIZED_AUTOS = YES_AGGRESSIVE;
				GCC_WARN_UNUSED_FUNCTION = YES;
				GCC_WARN_UNUSED_VARIABLE = YES;
				IPHONEOS_DEPLOYMENT_TARGET = 8.4;
				MTL_ENABLE_DEBUG_INFO = YES;
				ONLY_ACTIVE_ARCH = NO;
				PUBLIC_HEADERS_FOLDER_PATH = "$(PROJECT_NAME)Headers";
				SDKROOT = iphoneos;
				STRIP_STYLE = "non-global";
			};
			name = Debug;
		};
		42C0433F1B86148F002C4EBF /* Release */ = {
			isa = XCBuildConfiguration;
			buildSettings = {
				ALWAYS_SEARCH_USER_PATHS = NO;
				ARCHS = (
					"$(ARCHS_STANDARD)",
					armv7s,
				);
				CLANG_CXX_LANGUAGE_STANDARD = "gnu++0x";
				CLANG_CXX_LIBRARY = "libc++";
				CLANG_ENABLE_MODULES = YES;
				CLANG_ENABLE_OBJC_ARC = YES;
				CLANG_WARN_BOOL_CONVERSION = YES;
				CLANG_WARN_CONSTANT_CONVERSION = YES;
				CLANG_WARN_DIRECT_OBJC_ISA_USAGE = YES_ERROR;
				CLANG_WARN_EMPTY_BODY = YES;
				CLANG_WARN_ENUM_CONVERSION = YES;
				CLANG_WARN_INT_CONVERSION = YES;
				CLANG_WARN_OBJC_ROOT_CLASS = YES_ERROR;
				CLANG_WARN_UNREACHABLE_CODE = YES;
				CLANG_WARN__DUPLICATE_METHOD_MATCH = YES;
				COPY_PHASE_STRIP = NO;
				DEAD_CODE_STRIPPING = NO;
				DEBUG_INFORMATION_FORMAT = "dwarf-with-dsym";
				ENABLE_NS_ASSERTIONS = NO;
				ENABLE_STRICT_OBJC_MSGSEND = YES;
				GCC_C_LANGUAGE_STANDARD = gnu99;
				GCC_NO_COMMON_BLOCKS = YES;
				GCC_WARN_64_TO_32_BIT_CONVERSION = YES;
				GCC_WARN_ABOUT_RETURN_TYPE = YES_ERROR;
				GCC_WARN_UNDECLARED_SELECTOR = YES;
				GCC_WARN_UNINITIALIZED_AUTOS = YES_AGGRESSIVE;
				GCC_WARN_UNUSED_FUNCTION = YES;
				GCC_WARN_UNUSED_VARIABLE = YES;
				IPHONEOS_DEPLOYMENT_TARGET = 8.4;
				MTL_ENABLE_DEBUG_INFO = NO;
				PUBLIC_HEADERS_FOLDER_PATH = "$(PROJECT_NAME)Headers";
				SDKROOT = iphoneos;
				STRIP_STYLE = "non-global";
				VALIDATE_PRODUCT = YES;
			};
			name = Release;
		};
		42C043411B86148F002C4EBF /* Debug */ = {
			isa = XCBuildConfiguration;
			buildSettings = {
				OTHER_LDFLAGS = "-ObjC";
				PRODUCT_NAME = "$(TARGET_NAME)";
				SKIP_INSTALL = YES;
			};
			name = Debug;
		};
		42C043421B86148F002C4EBF /* Release */ = {
			isa = XCBuildConfiguration;
			buildSettings = {
				OTHER_LDFLAGS = "-ObjC";
				PRODUCT_NAME = "$(TARGET_NAME)";
				SKIP_INSTALL = YES;
			};
			name = Release;
		};
		42C0437E1B86170E002C4EBF /* Debug */ = {
			isa = XCBuildConfiguration;
			buildSettings = {
				PRODUCT_NAME = "$(TARGET_NAME)";
			};
			name = Debug;
		};
		42C0437F1B86170E002C4EBF /* Release */ = {
			isa = XCBuildConfiguration;
			buildSettings = {
				PRODUCT_NAME = "$(TARGET_NAME)";
			};
			name = Release;
		};
/* End XCBuildConfiguration section */

/* Begin XCConfigurationList section */
		42C043271B86148E002C4EBF /* Build configuration list for PBXProject "fmdb" */ = {
			isa = XCConfigurationList;
			buildConfigurations = (
				42C0433E1B86148F002C4EBF /* Debug */,
				42C0433F1B86148F002C4EBF /* Release */,
			);
			defaultConfigurationIsVisible = 0;
			defaultConfigurationName = Release;
		};
		42C043401B86148F002C4EBF /* Build configuration list for PBXNativeTarget "fmdb" */ = {
			isa = XCConfigurationList;
			buildConfigurations = (
				42C043411B86148F002C4EBF /* Debug */,
				42C043421B86148F002C4EBF /* Release */,
			);
			defaultConfigurationIsVisible = 0;
			defaultConfigurationName = Release;
		};
		42C0437D1B86170E002C4EBF /* Build configuration list for PBXAggregateTarget "Framework" */ = {
			isa = XCConfigurationList;
			buildConfigurations = (
				42C0437E1B86170E002C4EBF /* Debug */,
				42C0437F1B86170E002C4EBF /* Release */,
			);
			defaultConfigurationIsVisible = 0;
			defaultConfigurationName = Release;
		};
/* End XCConfigurationList section */
	};
	rootObject = 42C043241B86148E002C4EBF /* Project object */;
}
